# This file was autogenerated by Stack.
# You should not edit this file by hand.
# For more information, please see the documentation at:
#   https://docs.haskellstack.org/en/stable/lock_files

snapshots:
- original:
    url: https://raw.githubusercontent.com/commercialhaskell/stackage-snapshots/master/lts/18/12.yaml
  completed:
    sha256: 80fc6391195ff00c36f2a605ecbb07de909bfaa2eaa9722a27e486a6ecf8ecb0
    url: https://raw.githubusercontent.com/commercialhaskell/stackage-snapshots/master/lts/18/12.yaml
    size: 586041
packages:
- original:
    hackage: hscurses-1.4.2.0@sha256:185f294036aaced6a4cf72c994339286e8e7886f5a327c3ccac898066985c528,2118
  completed:
    pantry-tree:
      sha256: 42db70051cc8c1e6ff628078c0b201c4607d07cd271a149bc972203d5d51721b
      size: 1369
    hackage: hscurses-1.4.2.0@sha256:185f294036aaced6a4cf72c994339286e8e7886f5a327c3ccac898066985c528,2118
